schema: mawflow.seed_lock.v2
contract_version: 2
contract_fingerprint: sha256:cb39aee086a342e144b6d65229dbabe1f24adfd847998787e071db10ab6abeee
seed_version: 2.1.2
profile: seed-development
source:
  kind: seed_development_repository
  repository: maw-project-template
bom:
  kit: mawflow-seed-kit==2.1.2
  contract: seed-contract-v2
