schema: mawflow.seed_lock.v2
contract_version: 2
contract_fingerprint: sha256:f1be80bc2e5fb25fc4352b0e36026b672e45430b1c126a4e9f7cc7af10ef86b9
seed_version: 2.5.0
profile: seed-development
source:
  kind: seed_development_repository
  repository: maw-project-template
bom:
  kit: mawflow-seed-kit==2.5.0
  contract: seed-contract-v2
