schema: mawflow.seed_lock.v2
contract_version: 2
contract_fingerprint: sha256:4cb0dd0b2db2cfd197243e669982bdbbbf4ba37fe4aaf98809b105a112a4def5
seed_version: 2.6.0
profile: blank
source:
  kind: package
  package: mawflow-seed-kit
  version: 2.6.0
bom:
  kit: mawflow-seed-kit==2.6.0
  contract: seed-contract-v2
