schema: mawflow.seed_lock.v2
contract_version: 2
contract_fingerprint: sha256:38189ce13c5a82b64441f773f8165dde2d11b6b202c862abdde1ace1dcc2a056
seed_version: 2.3.3
profile: blank
source:
  kind: package
  package: mawflow-seed-kit
  version: 2.3.3
bom:
  kit: mawflow-seed-kit==2.3.3
  contract: seed-contract-v2
